
Microsoft Visual Studio Solution File, Format Version 12.00
# Visual Studio Version 16
VisualStudioVersion = 16.0.31229.75
MinimumVisualStudioVersion = 10.0.40219.1
Project("{FAE04EC0-301F-11D3-BF4B-00C04F79EFBC}") = "Kids play store management syste,", "Kids play store management syste,.csproj", "{D6DF932A-1E14-47AE-9854-00E269ADCCAF}"
EndProject
Global
	GlobalSection(SolutionConfigurationPlatforms) = preSolution
		Debug|Any CPU = Debug|Any CPU
		Release|Any CPU = Release|Any CPU
	EndGlobalSection
	GlobalSection(ProjectConfigurationPlatforms) = postSolution
		{D6DF932A-1E14-47AE-9854-00E269ADCCAF}.Debug|Any CPU.ActiveCfg = Debug|Any CPU
		{D6DF932A-1E14-47AE-9854-00E269ADCCAF}.Debug|Any CPU.Build.0 = Debug|Any CPU
		{D6DF932A-1E14-47AE-9854-00E269ADCCAF}.Release|Any CPU.ActiveCfg = Release|Any CPU
		{D6DF932A-1E14-47AE-9854-00E269ADCCAF}.Release|Any CPU.Build.0 = Release|Any CPU
	EndGlobalSection
	GlobalSection(SolutionProperties) = preSolution
		HideSolutionNode = FALSE
	EndGlobalSection
	GlobalSection(ExtensibilityGlobals) = postSolution
		SolutionGuid = {9158D58C-EF0A-4194-8F93-4C23CB2C2385}
	EndGlobalSection
EndGlobal
